<?xml version="1.0" encoding="UTF-8"?>
<Scheme LastUpgradeVersion="1420" version="1.7">
   <BuildAction parallelizeBuildables="YES" buildImplicitDependencies="YES">
      <BuildActionEntries>
         <BuildActionEntry buildForTesting="YES" buildForRunning="YES" buildForProfiling="YES" buildForArchiving="YES" buildForAnalyzing="YES">
            <BuildableReference BuildableIdentifier="primary" BlueprintIdentifier="95A9151A2DF15DCE008BCA49" BuildableName="PokedexMVC.app" BlueprintName="PokedexMVC" ReferencedContainer="container:PokedexMVC.xcodeproj"/>
         </BuildActionEntry>
      </BuildActionEntries>
   </BuildAction>
   <TestAction buildConfiguration="Debug" selectedDebuggerIdentifier="Xcode.DebuggerFoundation.Debugger.LLDB" selectedLauncherIdentifier="Xcode.DebuggerFoundation.Launcher.LLDB" shouldUseLaunchSchemeArgsEnv="YES">
      <Testables>
         <TestableReference skipped="NO"><BuildableReference BuildableIdentifier="primary" BlueprintIdentifier="95A915302DF15DD3008BCA49" BuildableName="PokedexMVCTests.xctest" BlueprintName="PokedexMVCTests" ReferencedContainer="container:PokedexMVC.xcodeproj"/></TestableReference>
         <TestableReference skipped="NO"><BuildableReference BuildableIdentifier="primary" BlueprintIdentifier="95A9153A2DF15DD3008BCA49" BuildableName="PokedexMVCUITests.xctest" BlueprintName="PokedexMVCUITests" ReferencedContainer="container:PokedexMVC.xcodeproj"/></TestableReference>
      </Testables>
   </TestAction>
   <LaunchAction buildConfiguration="Debug" selectedDebuggerIdentifier="Xcode.DebuggerFoundation.Debugger.LLDB" selectedLauncherIdentifier="Xcode.DebuggerFoundation.Launcher.LLDB" launchStyle="0" useCustomWorkingDirectory="NO" ignoresPersistentStateOnLaunch="NO" debugDocumentVersioning="YES" debugServiceExtension="internal" allowLocationSimulation="YES">
      <BuildableProductRunnable runnableDebuggingMode="0"><BuildableReference BuildableIdentifier="primary" BlueprintIdentifier="95A9151A2DF15DCE008BCA49" BuildableName="PokedexMVC.app" BlueprintName="PokedexMVC" ReferencedContainer="container:PokedexMVC.xcodeproj"/></BuildableProductRunnable>
   </LaunchAction>
   <ProfileAction buildConfiguration="Release" shouldUseLaunchSchemeArgsEnv="YES" savedToolIdentifier="" useCustomWorkingDirectory="NO" debugDocumentVersioning="YES">
      <BuildableProductRunnable runnableDebuggingMode="0"><BuildableReference BuildableIdentifier="primary" BlueprintIdentifier="95A9151A2DF15DCE008BCA49" BuildableName="PokedexMVC.app" BlueprintName="PokedexMVC" ReferencedContainer="container:PokedexMVC.xcodeproj"/></BuildableProductRunnable>
   </ProfileAction>
   <AnalyzeAction buildConfiguration="Debug"/>
   <ArchiveAction buildConfiguration="Release" revealArchiveInOrganizer="YES"/>
</Scheme>
