// !$*UTF8*$!
{
	archiveVersion = 1;
	classes = {
	};
	objectVersion = 56;
	objects = {

/* Begin PBXBuildFile section */
		95A9151F2DF15DCE008BCA49 /* AppDelegate.swift in Sources */ = {isa = PBXBuildFile; fileRef = 95A9151E2DF15DCE008BCA49 /* AppDelegate.swift */; };
		95A915212DF15DCE008BCA49 /* SceneDelegate.swift in Sources */ = {isa = PBXBuildFile; fileRef = 95A915202DF15DCE008BCA49 /* SceneDelegate.swift */; };
		95A915232DF15DCE008BCA49 /* ViewController.swift in Sources */ = {isa = PBXBuildFile; fileRef = 95A915222DF15DCE008BCA49 /* ViewController.swift */; };
		95A915262DF15DCE008BCA49 /* Main.storyboard in Resources */ = {isa = PBXBuildFile; fileRef = 95A915242DF15DCE008BCA49 /* Main.storyboard */; };
		95A915282DF15DD2008BCA49 /* Assets.xcassets in Resources */ = {isa = PBXBuildFile; fileRef = 95A915272DF15DD2008BCA49 /* Assets.xcassets */; };
		95A9152B2DF15DD2008BCA49 /* LaunchScreen.storyboard in Resources */ = {isa = PBXBuildFile; fileRef = 95A915292DF15DD2008BCA49 /* LaunchScreen.storyboard */; };
		95A915362DF15DD3008BCA49 /* PokedexMVCTests.swift in Sources */ = {isa = PBXBuildFile; fileRef = 95A915352DF15DD3008BCA49 /* PokedexMVCTests.swift */; };
		95A915402DF15DD3008BCA49 /* PokedexMVCUITests.swift in Sources */ = {isa = PBXBuildFile; fileRef = 95A9153F2DF15DD3008BCA49 /* PokedexMVCUITests.swift */; };
		95A915422DF15DD3008BCA49 /* PokedexMVCUITestsLaunchTests.swift in Sources */ = {isa = PBXBuildFile; fileRef = 95A915412DF15DD3008BCA49 /* PokedexMVCUITestsLaunchTests.swift */; };
/* End PBXBuildFile section */

/* Begin PBXContainerItemProxy section */
		95A915322DF15DD3008BCA49 /* PBXContainerItemProxy */ = {
			isa = PBXContainerItemProxy;
			containerPortal = 95A915132DF15DCE008BCA49 /* Project object */;
			proxyType = 1;
			remoteGlobalIDString = 95A9151A2DF15DCE008BCA49;
			remoteInfo = "PokedexMVC";
		};
		95A9153C2DF15DD3008BCA49 /* PBXContainerItemProxy */ = {
			isa = PBXContainerItemProxy;
			containerPortal = 95A915132DF15DCE008BCA49 /* Project object */;
			proxyType = 1;
			remoteGlobalIDString = 95A9151A2DF15DCE008BCA49;
			remoteInfo = "PokedexMVC";
		};
/* End PBXContainerItemProxy section */

/* Begin PBXFileReference section */
		95A9151B2DF15DCE008BCA49 /* PokedexMVC.app */ = {isa = PBXFileReference; explicitFileType = wrapper.application; includeInIndex = 0; path = "PokedexMVC.app"; sourceTree = BUILT_PRODUCTS_DIR; };
		95A9151E2DF15DCE008BCA49 /* AppDelegate.swift */ = {isa = PBXFileReference; lastKnownFileType = sourcecode.swift; path = AppDelegate.swift; sourceTree = "<group>"; };
		95A915202DF15DCE008BCA49 /* SceneDelegate.swift */ = {isa = PBXFileReference; lastKnownFileType = sourcecode.swift; path = SceneDelegate.swift; sourceTree = "<group>"; };
		95A915222DF15DCE008BCA49 /* ViewController.swift */ = {isa = PBXFileReference; lastKnownFileType = sourcecode.swift; path = ViewController.swift; sourceTree = "<group>"; };
		95A915252DF15DCE008BCA49 /* Base */ = {isa = PBXFileReference; lastKnownFileType = file.storyboard; name = Base; path = Base.lproj/Main.storyboard; sourceTree = "<group>"; };
		95A915272DF15DD2008BCA49 /* Assets.xcassets */ = {isa = PBXFileReference; lastKnownFileType = folder.assetcatalog; path = Assets.xcassets; sourceTree = "<group>"; };
		95A9152A2DF15DD2008BCA49 /* Base */ = {isa = PBXFileReference; lastKnownFileType = file.storyboard; name = Base; path = Base.lproj/LaunchScreen.storyboard; sourceTree = "<group>"; };
		95A9152C2DF15DD2008BCA49 /* Info.plist */ = {isa = PBXFileReference; lastKnownFileType = text.plist.xml; path = Info.plist; sourceTree = "<group>"; };
		95A915312DF15DD3008BCA49 /* PokedexMVCTests.xctest */ = {isa = PBXFileReference; explicitFileType = wrapper.cfbundle; includeInIndex = 0; path = "PokedexMVCTests.xctest"; sourceTree = BUILT_PRODUCTS_DIR; };
		95A915352DF15DD3008BCA49 /* PokedexMVCTests.swift */ = {isa = PBXFileReference; lastKnownFileType = sourcecode.swift; path = PokedexMVCTests.swift; sourceTree = "<group>"; };
		95A9153B2DF15DD3008BCA49 /* PokedexMVCUITests.xctest */ = {isa = PBXFileReference; explicitFileType = wrapper.cfbundle; includeInIndex = 0; path = "PokedexMVCUITests.xctest"; sourceTree = BUILT_PRODUCTS_DIR; };
		95A9153F2DF15DD3008BCA49 /* PokedexMVCUITests.swift */ = {isa = PBXFileReference; lastKnownFileType = sourcecode.swift; path = PokedexMVCUITests.swift; sourceTree = "<group>"; };
		95A915412DF15DD3008BCA49 /* PokedexMVCUITestsLaunchTests.swift */ = {isa = PBXFileReference; lastKnownFileType = sourcecode.swift; path = PokedexMVCUITestsLaunchTests.swift; sourceTree = "<group>"; };
/* End PBXFileReference section */

/* Begin PBXFrameworksBuildPhase section */
		95A915182DF15DCE008BCA49 /* Frameworks */ = {
			isa = PBXFrameworksBuildPhase;
			buildActionMask = 2147483647;
			files = (
			);
			runOnlyForDeploymentPostprocessing = 0;
		};
		95A9152E2DF15DD3008BCA49 /* Frameworks */ = {
			isa = PBXFrameworksBuildPhase;
			buildActionMask = 2147483647;
			files = (
			);
			runOnlyForDeploymentPostprocessing = 0;
		};
		95A915382DF15DD3008BCA49 /* Frameworks */ = {
			isa = PBXFrameworksBuildPhase;
			buildActionMask = 2147483647;
			files = (
			);
			runOnlyForDeploymentPostprocessing = 0;
		};
/* End PBXFrameworksBuildPhase section */

/* Begin PBXGroup section */
		95A915122DF15DCE008BCA49 = {
			isa = PBXGroup;
			children = (
				95A9151D2DF15DCE008BCA49 /* PokedexMVC */,
				95A915342DF15DD3008BCA49 /* PokedexMVCTests */,
				95A9153E2DF15DD3008BCA49 /* PokedexMVCUITests */,
				95A9151C2DF15DCE008BCA49 /* Products */,
			);
			sourceTree = "<group>";
		};
		95A9151C2DF15DCE008BCA49 /* Products */ = {
			isa = PBXGroup;
			children = (
				95A9151B2DF15DCE008BCA49 /* PokedexMVC.app */,
				95A915312DF15DD3008BCA49 /* PokedexMVCTests.xctest */,
				95A9153B2DF15DD3008BCA49 /* PokedexMVCUITests.xctest */,
			);
			name = Products;
			sourceTree = "<group>";
		};
		95A9151D2DF15DCE008BCA49 /* PokedexMVC */ = {
			isa = PBXGroup;
			children = (
				95A9151E2DF15DCE008BCA49 /* AppDelegate.swift */,
				95A915202DF15DCE008BCA49 /* SceneDelegate.swift */,
				95A915222DF15DCE008BCA49 /* ViewController.swift */,
				95A915242DF15DCE008BCA49 /* Main.storyboard */,
				95A915272DF15DD2008BCA49 /* Assets.xcassets */,
				95A915292DF15DD2008BCA49 /* LaunchScreen.storyboard */,
				95A9152C2DF15DD2008BCA49 /* Info.plist */,
			);
			path = "PokedexMVC";
			sourceTree = "<group>";
		};
		95A915342DF15DD3008BCA49 /* PokedexMVCTests */ = {
			isa = PBXGroup;
			children = (
				95A915352DF15DD3008BCA49 /* PokedexMVCTests.swift */,
			);
			path = "PokedexMVCTests";
			sourceTree = "<group>";
		};
		95A9153E2DF15DD3008BCA49 /* PokedexMVCUITests */ = {
			isa = PBXGroup;
			children = (
				95A9153F2DF15DD3008BCA49 /* PokedexMVCUITests.swift */,
				95A915412DF15DD3008BCA49 /* PokedexMVCUITestsLaunchTests.swift */,
			);
			path = "PokedexMVCUITests";
			sourceTree = "<group>";
		};
/* End PBXGroup section */

/* Begin PBXNativeTarget section */
		95A9151A2DF15DCE008BCA49 /* PokedexMVC */ = {
			isa = PBXNativeTarget;
			buildConfigurationList = 95A915452DF15DD3008BCA49 /* Build configuration list for PBXNativeTarget "PokedexMVC" */;
			buildPhases = (
				95A915172DF15DCE008BCA49 /* Sources */,
				95A915182DF15DCE008BCA49 /* Frameworks */,
				95A915192DF15DCE008BCA49 /* Resources */,
			);
			buildRules = (
			);
			dependencies = (
			);
			name = "PokedexMVC";
			productName = "PokedexMVC";
			productReference = 95A9151B2DF15DCE008BCA49 /* PokedexMVC.app */;
			productType = "com.apple.product-type.application";
		};
		95A915302DF15DD3008BCA49 /* PokedexMVCTests */ = {
			isa = PBXNativeTarget;
			buildConfigurationList = 95A915482DF15DD3008BCA49 /* Build configuration list for PBXNativeTarget "PokedexMVCTests" */;
			buildPhases = (
				95A9152D2DF15DD3008BCA49 /* Sources */,
				95A9152E2DF15DD3008BCA49 /* Frameworks */,
				95A9152F2DF15DD3008BCA49 /* Resources */,
			);
			buildRules = (
			);
			dependencies = (
				95A915332DF15DD3008BCA49 /* PBXTargetDependency */,
			);
			name = "PokedexMVCTests";
			productName = "PokedexMVCTests";
			productReference = 95A915312DF15DD3008BCA49 /* PokedexMVCTests.xctest */;
			productType = "com.apple.product-type.bundle.unit-test";
		};
		95A9153A2DF15DD3008BCA49 /* PokedexMVCUITests */ = {
			isa = PBXNativeTarget;
			buildConfigurationList = 95A9154B2DF15DD3008BCA49 /* Build configuration list for PBXNativeTarget "PokedexMVCUITests" */;
			buildPhases = (
				95A915372DF15DD3008BCA49 /* Sources */,
				95A915382DF15DD3008BCA49 /* Frameworks */,
				95A915392DF15DD3008BCA49 /* Resources */,
			);
			buildRules = (
			);
			dependencies = (
				95A9153D2DF15DD3008BCA49 /* PBXTargetDependency */,
			);
			name = "PokedexMVCUITests";
			productName = "PokedexMVCUITests";
			productReference = 95A9153B2DF15DD3008BCA49 /* PokedexMVCUITests.xctest */;
			productType = "com.apple.product-type.bundle.ui-testing";
		};
/* End PBXNativeTarget section */

/* Begin PBXProject section */
		95A915132DF15DCE008BCA49 /* Project object */ = {
			isa = PBXProject;
			attributes = {
				BuildIndependentTargetsInParallel = 1;
				LastSwiftUpdateCheck = 1420;
				LastUpgradeCheck = 1420;
				TargetAttributes = {
					95A9151A2DF15DCE008BCA49 = {
						CreatedOnToolsVersion = 14.2;
					};
					95A915302DF15DD3008BCA49 = {
						CreatedOnToolsVersion = 14.2;
						TestTargetID = 95A9151A2DF15DCE008BCA49;
					};
					95A9153A2DF15DD3008BCA49 = {
						CreatedOnToolsVersion = 14.2;
						TestTargetID = 95A9151A2DF15DCE008BCA49;
					};
				};
			};
			buildConfigurationList = 95A915162DF15DCE008BCA49 /* Build configuration list for PBXProject "PokedexMVC" */;
			compatibilityVersion = "Xcode 14.0";
			developmentRegion = en;
			hasScannedForEncodings = 0;
			knownRegions = (
				en,
				Base,
			);
			mainGroup = 95A915122DF15DCE008BCA49;
			productRefGroup = 95A9151C2DF15DCE008BCA49 /* Products */;
			projectDirPath = "";
			projectRoot = "";
			targets = (
				95A9151A2DF15DCE008BCA49 /* PokedexMVC */,
				95A915302DF15DD3008BCA49 /* PokedexMVCTests */,
				95A9153A2DF15DD3008BCA49 /* PokedexMVCUITests */,
			);
		};
/* End PBXProject section */

/* Begin PBXResourcesBuildPhase section */
		95A915192DF15DCE008BCA49 /* Resources */ = {
			isa = PBXResourcesBuildPhase;
			buildActionMask = 2147483647;
			files = (
				95A9152B2DF15DD2008BCA49 /* LaunchScreen.storyboard in Resources */,
				95A915282DF15DD2008BCA49 /* Assets.xcassets in Resources */,
				95A915262DF15DCE008BCA49 /* Main.storyboard in Resources */,
			);
			runOnlyForDeploymentPostprocessing = 0;
		};
		95A9152F2DF15DD3008BCA49 /* Resources */ = {
			isa = PBXResourcesBuildPhase;
			buildActionMask = 2147483647;
			files = (
			);
			runOnlyForDeploymentPostprocessing = 0;
		};
		95A915392DF15DD3008BCA49 /* Resources */ = {
			isa = PBXResourcesBuildPhase;
			buildActionMask = 2147483647;
			files = (
			);
			runOnlyForDeploymentPostprocessing = 0;
		};
/* End PBXResourcesBuildPhase section */

/* Begin PBXSourcesBuildPhase section */
		95A915172DF15DCE008BCA49 /* Sources */ = {
			isa = PBXSourcesBuildPhase;
			buildActionMask = 2147483647;
			files = (
				95A915232DF15DCE008BCA49 /* ViewController.swift in Sources */,
				95A9151F2DF15DCE008BCA49 /* AppDelegate.swift in Sources */,
				95A915212DF15DCE008BCA49 /* SceneDelegate.swift in Sources */,
			);
			runOnlyForDeploymentPostprocessing = 0;
		};
		95A9152D2DF15DD3008BCA49 /* Sources */ = {
			isa = PBXSourcesBuildPhase;
			buildActionMask = 2147483647;
			files = (
				95A915362DF15DD3008BCA49 /* PokedexMVCTests.swift in Sources */,
			);
			runOnlyForDeploymentPostprocessing = 0;
		};
		95A915372DF15DD3008BCA49 /* Sources */ = {
			isa = PBXSourcesBuildPhase;
			buildActionMask = 2147483647;
			files = (
				95A915422DF15DD3008BCA49 /* PokedexMVCUITestsLaunchTests.swift in Sources */,
				95A915402DF15DD3008BCA49 /* PokedexMVCUITests.swift in Sources */,
			);
			runOnlyForDeploymentPostprocessing = 0;
		};
/* End PBXSourcesBuildPhase section */

/* Begin PBXTargetDependency section */
		95A915332DF15DD3008BCA49 /* PBXTargetDependency */ = {
			isa = PBXTargetDependency;
			target = 95A9151A2DF15DCE008BCA49 /* PokedexMVC */;
			targetProxy = 95A915322DF15DD3008BCA49 /* PBXContainerItemProxy */;
		};
		95A9153D2DF15DD3008BCA49 /* PBXTargetDependency */ = {
			isa = PBXTargetDependency;
			target = 95A9151A2DF15DCE008BCA49 /* PokedexMVC */;
			targetProxy = 95A9153C2DF15DD3008BCA49 /* PBXContainerItemProxy */;
		};
/* End PBXTargetDependency section */

/* Begin PBXVariantGroup section */
		95A915242DF15DCE008BCA49 /* Main.storyboard */ = {
			isa = PBXVariantGroup;
			children = (
				95A915252DF15DCE008BCA49 /* Base */,
			);
			name = Main.storyboard;
			sourceTree = "<group>";
		};
		95A915292DF15DD2008BCA49 /* LaunchScreen.storyboard */ = {
			isa = PBXVariantGroup;
			children = (
				95A9152A2DF15DD2008BCA49 /* Base */,
			);
			name = LaunchScreen.storyboard;
			sourceTree = "<group>";
		};
/* End PBXVariantGroup section */

/* Begin XCBuildConfiguration section */
		95A915432DF15DD3008BCA49 /* Debug */ = {
			isa = XCBuildConfiguration;
			buildSettings = {
				ALWAYS_SEARCH_USER_PATHS = NO;
				CLANG_ANALYZER_NONNULL = YES;
				CLANG_ANALYZER_NUMBER_OBJECT_CONVERSION = YES_AGGRESSIVE;
				CLANG_CXX_LANGUAGE_STANDARD = "gnu++20";
				CLANG_ENABLE_MODULES = YES;
				CLANG_ENABLE_OBJC_ARC = YES;
				CLANG_ENABLE_OBJC_WEAK = YES;
				CLANG_WARN_BLOCK_CAPTURE_AUTORELEASING = YES;
				CLANG_WARN_BOOL_CONVERSION = YES;
				CLANG_WARN_COMMA = YES;
				CLANG_WARN_CONSTANT_CONVERSION = YES;
				CLANG_WARN_DEPRECATED_OBJC_IMPLEMENTATIONS = YES;
				CLANG_WARN_DIRECT_OBJC_ISA_USAGE = YES_ERROR;
				CLANG_WARN_DOCUMENTATION_COMMENTS = YES;
				CLANG_WARN_EMPTY_BODY = YES;
				CLANG_WARN_ENUM_CONVERSION = YES;
				CLANG_WARN_INFINITE_RECURSION = YES;
				CLANG_WARN_INT_CONVERSION = YES;
				CLANG_WARN_NON_LITERAL_NULL_CONVERSION = YES;
				CLANG_WARN_OBJC_IMPLICIT_RETAIN_SELF = YES;
				CLANG_WARN_OBJC_LITERAL_CONVERSION = YES;
				CLANG_WARN_OBJC_ROOT_CLASS = YES_ERROR;
				CLANG_WARN_QUOTED_INCLUDE_IN_FRAMEWORK_HEADER = YES;
				CLANG_WARN_RANGE_LOOP_ANALYSIS = YES;
				CLANG_WARN_STRICT_PROTOTYPES = YES;
				CLANG_WARN_SUSPICIOUS_MOVE = YES;
				CLANG_WARN_UNGUARDED_AVAILABILITY = YES_AGGRESSIVE;
				CLANG_WARN_UNREACHABLE_CODE = YES;
				CLANG_WARN__DUPLICATE_METHOD_MATCH = YES;
				COPY_PHASE_STRIP = NO;
				DEBUG_INFORMATION_FORMAT = dwarf;
				ENABLE_STRICT_OBJC_MSGSEND = YES;
				ENABLE_TESTABILITY = YES;
				GCC_C_LANGUAGE_STANDARD = gnu11;
				GCC_DYNAMIC_NO_PIC = NO;
				GCC_NO_COMMON_BLOCKS = YES;
				GCC_OPTIMIZATION_LEVEL = 0;
				GCC_PREPROCESSOR_DEFINITIONS = (
					"DEBUG=1",
					"$(inherited)",
				);
				GCC_WARN_64_TO_32_BIT_CONVERSION = YES;
				GCC_WARN_ABOUT_RETURN_TYPE = YES_ERROR;
				GCC_WARN_UNDECLARED_SELECTOR = YES;
				GCC_WARN_UNINITIALIZED_AUTOS = YES_AGGRESSIVE;
				GCC_WARN_UNUSED_FUNCTION = YES;
				GCC_WARN_UNUSED_VARIABLE = YES;
				IPHONEOS_DEPLOYMENT_TARGET = 16.2;
				MTL_ENABLE_DEBUG_INFO = INCLUDE_SOURCE;
				MTL_FAST_MATH = YES;
				ONLY_ACTIVE_ARCH = YES;
				SDKROOT = iphoneos;
				SWIFT_ACTIVE_COMPILATION_CONDITIONS = DEBUG;
				SWIFT_OPTIMIZATION_LEVEL = "-Onone";
			};
			name = Debug;
		};
		95A915442DF15DD3008BCA49 /* Release */ = {
			isa = XCBuildConfiguration;
			buildSettings = {
				ALWAYS_SEARCH_USER_PATHS = NO;
				CLANG_ANALYZER_NONNULL = YES;
				CLANG_ANALYZER_NUMBER_OBJECT_CONVERSION = YES_AGGRESSIVE;
				CLANG_CXX_LANGUAGE_STANDARD = "gnu++20";
				CLANG_ENABLE_MODULES = YES;
				CLANG_ENABLE_OBJC_ARC = YES;
				CLANG_ENABLE_OBJC_WEAK = YES;
				CLANG_WARN_BLOCK_CAPTURE_AUTORELEASING = YES;
				CLANG_WARN_BOOL_CONVERSION = YES;
				CLANG_WARN_COMMA = YES;
				CLANG_WARN_CONSTANT_CONVERSION = YES;
				CLANG_WARN_DEPRECATED_OBJC_IMPLEMENTATIONS = YES;
				CLANG_WARN_DIRECT_OBJC_ISA_USAGE = YES_ERROR;
				CLANG_WARN_DOCUMENTATION_COMMENTS = YES;
				CLANG_WARN_EMPTY_BODY = YES;
				CLANG_WARN_ENUM_CONVERSION = YES;
				CLANG_WARN_INFINITE_RECURSION = YES;
				CLANG_WARN_INT_CONVERSION = YES;
				CLANG_WARN_NON_LITERAL_NULL_CONVERSION = YES;
				CLANG_WARN_OBJC_IMPLICIT_RETAIN_SELF = YES;
				CLANG_WARN_OBJC_LITERAL_CONVERSION = YES;
				CLANG_WARN_OBJC_ROOT_CLASS = YES_ERROR;
				CLANG_WARN_QUOTED_INCLUDE_IN_FRAMEWORK_HEADER = YES;
				CLANG_WARN_RANGE_LOOP_ANALYSIS = YES;
				CLANG_WARN_STRICT_PROTOTYPES = YES;
				CLANG_WARN_SUSPICIOUS_MOVE = YES;
				CLANG_WARN_UNGUARDED_AVAILABILITY = YES_AGGRESSIVE;
				CLANG_WARN_UNREACHABLE_CODE = YES;
				CLANG_WARN__DUPLICATE_METHOD_MATCH = YES;
				COPY_PHASE_STRIP = NO;
				DEBUG_INFORMATION_FORMAT = "dwarf-with-dsym";
				ENABLE_NS_ASSERTIONS = NO;
				ENABLE_STRICT_OBJC_MSGSEND = YES;
				GCC_C_LANGUAGE_STANDARD = gnu11;
				GCC_NO_COMMON_BLOCKS = YES;
				GCC_WARN_64_TO_32_BIT_CONVERSION = YES;
				GCC_WARN_ABOUT_RETURN_TYPE = YES_ERROR;
				GCC_WARN_UNDECLARED_SELECTOR = YES;
				GCC_WARN_UNINITIALIZED_AUTOS = YES_AGGRESSIVE;
				GCC_WARN_UNUSED_FUNCTION = YES;
				GCC_WARN_UNUSED_VARIABLE = YES;
				IPHONEOS_DEPLOYMENT_TARGET = 16.2;
				MTL_ENABLE_DEBUG_INFO = NO;
				MTL_FAST_MATH = YES;
				SDKROOT = iphoneos;
				SWIFT_COMPILATION_MODE = wholemodule;
				SWIFT_OPTIMIZATION_LEVEL = "-O";
				VALIDATE_PRODUCT = YES;
			};
			name = Release;
		};
		95A915462DF15DD3008BCA49 /* Debug */ = {
			isa = XCBuildConfiguration;
			buildSettings = {
				ASSETCATALOG_COMPILER_APPICON_NAME = AppIcon;
				ASSETCATALOG_COMPILER_GLOBAL_ACCENT_COLOR_NAME = AccentColor;
				CODE_SIGN_STYLE = Automatic;
				CURRENT_PROJECT_VERSION = 1;
				GENERATE_INFOPLIST_FILE = YES;
				INFOPLIST_FILE = "PokedexMVC/Info.plist";
				INFOPLIST_KEY_CFBundleDisplayName = "Pokédex MVC";
				INFOPLIST_KEY_UIApplicationSupportsIndirectInputEvents = YES;
				INFOPLIST_KEY_UILaunchStoryboardName = LaunchScreen;
				INFOPLIST_KEY_UIMainStoryboardFile = Main;
				INFOPLIST_KEY_UISupportedInterfaceOrientations_iPad = "UIInterfaceOrientationPortrait UIInterfaceOrientationPortraitUpsideDown UIInterfaceOrientationLandscapeLeft UIInterfaceOrientationLandscapeRight";
				INFOPLIST_KEY_UISupportedInterfaceOrientations_iPhone = "UIInterfaceOrientationPortrait UIInterfaceOrientationLandscapeLeft UIInterfaceOrientationLandscapeRight";
				LD_RUNPATH_SEARCH_PATHS = (
					"$(inherited)",
					"@executable_path/Frameworks",
				);
				MARKETING_VERSION = 1.0;
				PRODUCT_BUNDLE_IDENTIFIER = "com.danigines.pokedex.mvc";
				PRODUCT_NAME = "$(TARGET_NAME)";
				SWIFT_EMIT_LOC_STRINGS = YES;
				SWIFT_VERSION = 5.0;
				TARGETED_DEVICE_FAMILY = "1,2";
			};
			name = Debug;
		};
		95A915472DF15DD3008BCA49 /* Release */ = {
			isa = XCBuildConfiguration;
			buildSettings = {
				ASSETCATALOG_COMPILER_APPICON_NAME = AppIcon;
				ASSETCATALOG_COMPILER_GLOBAL_ACCENT_COLOR_NAME = AccentColor;
				CODE_SIGN_STYLE = Automatic;
				CURRENT_PROJECT_VERSION = 1;
				GENERATE_INFOPLIST_FILE = YES;
				INFOPLIST_FILE = "PokedexMVC/Info.plist";
				INFOPLIST_KEY_CFBundleDisplayName = "Pokédex MVC";
				INFOPLIST_KEY_UIApplicationSupportsIndirectInputEvents = YES;
				INFOPLIST_KEY_UILaunchStoryboardName = LaunchScreen;
				INFOPLIST_KEY_UIMainStoryboardFile = Main;
				INFOPLIST_KEY_UISupportedInterfaceOrientations_iPad = "UIInterfaceOrientationPortrait UIInterfaceOrientationPortraitUpsideDown UIInterfaceOrientationLandscapeLeft UIInterfaceOrientationLandscapeRight";
				INFOPLIST_KEY_UISupportedInterfaceOrientations_iPhone = "UIInterfaceOrientationPortrait UIInterfaceOrientationLandscapeLeft UIInterfaceOrientationLandscapeRight";
				LD_RUNPATH_SEARCH_PATHS = (
					"$(inherited)",
					"@executable_path/Frameworks",
				);
				MARKETING_VERSION = 1.0;
				PRODUCT_BUNDLE_IDENTIFIER = "com.danigines.pokedex.mvc";
				PRODUCT_NAME = "$(TARGET_NAME)";
				SWIFT_EMIT_LOC_STRINGS = YES;
				SWIFT_VERSION = 5.0;
				TARGETED_DEVICE_FAMILY = "1,2";
			};
			name = Release;
		};
		95A915492DF15DD3008BCA49 /* Debug */ = {
			isa = XCBuildConfiguration;
			buildSettings = {
				ALWAYS_EMBED_SWIFT_STANDARD_LIBRARIES = YES;
				BUNDLE_LOADER = "$(TEST_HOST)";
				CODE_SIGN_STYLE = Automatic;
				CURRENT_PROJECT_VERSION = 1;
				GENERATE_INFOPLIST_FILE = YES;
				IPHONEOS_DEPLOYMENT_TARGET = 16.2;
				MARKETING_VERSION = 1.0;
				PRODUCT_BUNDLE_IDENTIFIER = "com.danigines.pokedex.mvc.tests";
				PRODUCT_NAME = "$(TARGET_NAME)";
				SWIFT_EMIT_LOC_STRINGS = NO;
				SWIFT_VERSION = 5.0;
				TARGETED_DEVICE_FAMILY = "1,2";
				TEST_HOST = "$(BUILT_PRODUCTS_DIR)/PokedexMVC.app/$(BUNDLE_EXECUTABLE_FOLDER_PATH)/PokedexMVC";
			};
			name = Debug;
		};
		95A9154A2DF15DD3008BCA49 /* Release */ = {
			isa = XCBuildConfiguration;
			buildSettings = {
				ALWAYS_EMBED_SWIFT_STANDARD_LIBRARIES = YES;
				BUNDLE_LOADER = "$(TEST_HOST)";
				CODE_SIGN_STYLE = Automatic;
				CURRENT_PROJECT_VERSION = 1;
				GENERATE_INFOPLIST_FILE = YES;
				IPHONEOS_DEPLOYMENT_TARGET = 16.2;
				MARKETING_VERSION = 1.0;
				PRODUCT_BUNDLE_IDENTIFIER = "com.danigines.pokedex.mvc.tests";
				PRODUCT_NAME = "$(TARGET_NAME)";
				SWIFT_EMIT_LOC_STRINGS = NO;
				SWIFT_VERSION = 5.0;
				TARGETED_DEVICE_FAMILY = "1,2";
				TEST_HOST = "$(BUILT_PRODUCTS_DIR)/PokedexMVC.app/$(BUNDLE_EXECUTABLE_FOLDER_PATH)/PokedexMVC";
			};
			name = Release;
		};
		95A9154C2DF15DD3008BCA49 /* Debug */ = {
			isa = XCBuildConfiguration;
			buildSettings = {
				ALWAYS_EMBED_SWIFT_STANDARD_LIBRARIES = YES;
				CODE_SIGN_STYLE = Automatic;
				CURRENT_PROJECT_VERSION = 1;
				GENERATE_INFOPLIST_FILE = YES;
				MARKETING_VERSION = 1.0;
				PRODUCT_BUNDLE_IDENTIFIER = "com.danigines.pokedex.mvc.uitests";
				PRODUCT_NAME = "$(TARGET_NAME)";
				SWIFT_EMIT_LOC_STRINGS = NO;
				SWIFT_VERSION = 5.0;
				TARGETED_DEVICE_FAMILY = "1,2";
				TEST_TARGET_NAME = "PokedexMVC";
			};
			name = Debug;
		};
		95A9154D2DF15DD3008BCA49 /* Release */ = {
			isa = XCBuildConfiguration;
			buildSettings = {
				ALWAYS_EMBED_SWIFT_STANDARD_LIBRARIES = YES;
				CODE_SIGN_STYLE = Automatic;
				CURRENT_PROJECT_VERSION = 1;
				GENERATE_INFOPLIST_FILE = YES;
				MARKETING_VERSION = 1.0;
				PRODUCT_BUNDLE_IDENTIFIER = "com.danigines.pokedex.mvc.uitests";
				PRODUCT_NAME = "$(TARGET_NAME)";
				SWIFT_EMIT_LOC_STRINGS = NO;
				SWIFT_VERSION = 5.0;
				TARGETED_DEVICE_FAMILY = "1,2";
				TEST_TARGET_NAME = "PokedexMVC";
			};
			name = Release;
		};
/* End XCBuildConfiguration section */

/* Begin XCConfigurationList section */
		95A915162DF15DCE008BCA49 /* Build configuration list for PBXProject "PokedexMVC" */ = {
			isa = XCConfigurationList;
			buildConfigurations = (
				95A915432DF15DD3008BCA49 /* Debug */,
				95A915442DF15DD3008BCA49 /* Release */,
			);
			defaultConfigurationIsVisible = 0;
			defaultConfigurationName = Release;
		};
		95A915452DF15DD3008BCA49 /* Build configuration list for PBXNativeTarget "PokedexMVC" */ = {
			isa = XCConfigurationList;
			buildConfigurations = (
				95A915462DF15DD3008BCA49 /* Debug */,
				95A915472DF15DD3008BCA49 /* Release */,
			);
			defaultConfigurationIsVisible = 0;
			defaultConfigurationName = Release;
		};
		95A915482DF15DD3008BCA49 /* Build configuration list for PBXNativeTarget "PokedexMVCTests" */ = {
			isa = XCConfigurationList;
			buildConfigurations = (
				95A915492DF15DD3008BCA49 /* Debug */,
				95A9154A2DF15DD3008BCA49 /* Release */,
			);
			defaultConfigurationIsVisible = 0;
			defaultConfigurationName = Release;
		};
		95A9154B2DF15DD3008BCA49 /* Build configuration list for PBXNativeTarget "PokedexMVCUITests" */ = {
			isa = XCConfigurationList;
			buildConfigurations = (
				95A9154C2DF15DD3008BCA49 /* Debug */,
				95A9154D2DF15DD3008BCA49 /* Release */,
			);
			defaultConfigurationIsVisible = 0;
			defaultConfigurationName = Release;
		};
/* End XCConfigurationList section */
	};
	rootObject = 95A915132DF15DCE008BCA49 /* Project object */;
}
